
Microsoft Visual Studio Solution File, Format Version 12.00
# Visual Studio 2013
VisualStudioVersion = 12.0.40629.0
MinimumVisualStudioVersion = 10.0.40219.1
Project("{D2ABAB84-BF74-430A-B69E-9DC6D40DDA17}") = "RepasoEC1BI", "RepasoEC1BI\RepasoEC1BI.dwproj", "{B7CF67E2-60DA-46A4-8E26-5A0EAFC66717}"
EndProject
Global
	GlobalSection(SolutionConfigurationPlatforms) = preSolution
		Development|Default = Development|Default
	EndGlobalSection
	GlobalSection(ProjectConfigurationPlatforms) = postSolution
		{B7CF67E2-60DA-46A4-8E26-5A0EAFC66717}.Development|Default.ActiveCfg = Development
		{B7CF67E2-60DA-46A4-8E26-5A0EAFC66717}.Development|Default.Build.0 = Development
		{B7CF67E2-60DA-46A4-8E26-5A0EAFC66717}.Development|Default.Deploy.0 = Development
	EndGlobalSection
	GlobalSection(SolutionProperties) = preSolution
		HideSolutionNode = FALSE
	EndGlobalSection
EndGlobal
